
Microsoft Visual Studio Solution File, Format Version 12.00
# Visual Studio Version 17
VisualStudioVersion = 17.6.33712.159
MinimumVisualStudioVersion = 10.0.40219.1
Project("{FAE04EC0-301F-11D3-BF4B-00C04F79EFBC}") = "DOOM64 Launcher", "DOOM64 Launcher.csproj", "{60EABD5C-FDE1-4C3E-96B7-4BE1319ACFCE}"
EndProject
Global
	GlobalSection(SolutionConfigurationPlatforms) = preSolution
		Debug|Any CPU = Debug|Any CPU
		Release|Any CPU = Release|Any CPU
	EndGlobalSection
	GlobalSection(ProjectConfigurationPlatforms) = postSolution
		{60EABD5C-FDE1-4C3E-96B7-4BE1319ACFCE}.Debug|Any CPU.ActiveCfg = Debug|Any CPU
		{60EABD5C-FDE1-4C3E-96B7-4BE1319ACFCE}.Debug|Any CPU.Build.0 = Debug|Any CPU
		{60EABD5C-FDE1-4C3E-96B7-4BE1319ACFCE}.Release|Any CPU.ActiveCfg = Release|Any CPU
		{60EABD5C-FDE1-4C3E-96B7-4BE1319ACFCE}.Release|Any CPU.Build.0 = Release|Any CPU
	EndGlobalSection
	GlobalSection(SolutionProperties) = preSolution
		HideSolutionNode = FALSE
	EndGlobalSection
	GlobalSection(ExtensibilityGlobals) = postSolution
		SolutionGuid = {C5F3BAF3-0F32-45C4-8DB2-E656B5672643}
	EndGlobalSection
EndGlobal
